# Auto-generated lockfile with hashes for reproducible installs
pyodbc==5.0.1 --hash=sha256:03d7d0b04d5a9156099ce8d03e92f3956783746fa9234eb6f5b5cfc12b645011
requests==2.31.0 --hash=sha256:58cd2187c01e70e6e26505bca751777aa9f2ee0b7f4300988b709f44e013003f
schedule==1.2.1 --hash=sha256:14cdeb083a596aa1de6dc77639a1b2ac8bf6eaafa82b1c9279d3612823063d01
configparser==6.0.0 --hash=sha256:900ea2bb01b2540b1a644ad3d5351e9b961a4a012d4732f619375fb8f641ee19
cryptography==41.0.7 --hash=sha256:90452ba79b8788fa380dfb587cca692976ef4e757b194b093d845e8d99f612f2
python-json-logger==2.0.7 --hash=sha256:f380b826a991ebbe3de4d897aeec42760035ac760345e57b812938dc8b35e2bd
python-dateutil==2.8.2 --hash=sha256:961d03dc3453ebbc59dbdea9e4e11c5651520a876d0f4db161e8674aae935da9
pydantic==2.5.3 --hash=sha256:d0caf5954bee831b6bfe7e338c32b9e30c85dfe080c843680783ac2b631673b4
pytest==7.4.3 --hash=sha256:0d009c083ea859a71b76adf7c1d502e4bc170b80a8ef002da5806527b9591fac
pytest-cov==4.1.0 --hash=sha256:6ba70b9e97e69fcc3fb45bfeab2d0a138fb65c4d0d6a41ef33983ad114be8c3a
pytest-mock==3.12.0 --hash=sha256:0972719a7263072da3a21c7f4773069bcc7486027d7e8e1f81d98a47e701bc4f
flask==3.0.0 --hash=sha256:21128f47e4e3b9d597a3e8521a329bf56909b690fcc3fa3e477725aa81367638
pywin32==311; sys_platform == 'win32' --hash=sha256:3aca44c046bd2ed8c90de9cb8427f581c479e594e99b5c0bb19b29c10fd6cb87
pyinstaller==6.18.0 --hash=sha256:976fabd90ecfbda47571c87055ad73413ec615ff7dea35e12a4304174de78de9
sqlitedict==2.1.0 --hash=sha256:03d9cfb96d602996f1d4c2db2856f1224b96a9c431bdd16e78032a72940f9e8c
colorama==0.4.6 --hash=sha256:4f1d9991f5acc0ca119f9d443620b77f9d6b33703e51011c16baf57afb285fc6
