# Auto-generated lockfile with hashes for reproducible installs
altgraph==0.17.5 --hash=sha256:f3a22400bce1b0c701683820ac4f3b159cd301acab067c51c653e06961600597
blinker==1.9.0 --hash=sha256:ba0efaa9080b619ff2f3459d1d500c57bddea4a6b424b60a91141db6fd2f08bc
certifi==2026.1.4 --hash=sha256:9943707519e4add1115f44c2bc244f782c0249876bf51b6599fee1ffbedd685c
cffi==2.0.0 --hash=sha256:203a48d1fb583fc7d78a4c6655692963b860a417c0528492a6bc21f1aaefab25
charset-normalizer==3.4.4 --hash=sha256:8a6562c3700cce886c5be75ade4a5db4214fda19fede41d9792d100288d8f94c
click==8.3.1 --hash=sha256:981153a64e25f12d547d3426c367a4857371575ee7ad18df2a6183ab0545b2a6
colorama==0.4.6 --hash=sha256:4f1d9991f5acc0ca119f9d443620b77f9d6b33703e51011c16baf57afb285fc6
configparser==6.0.0 --hash=sha256:900ea2bb01b2540b1a644ad3d5351e9b961a4a012d4732f619375fb8f641ee19
coverage==7.13.3 --hash=sha256:9f9efbbaf79f935d5fbe3ad814825cbce4f6cdb3054384cb49f0c0f496125fa0
cryptography==44.0.2 --hash=sha256:5f6f90b72d8ccadb9c6e311c775c8305381db88374c65fa1a68250aa8a9cb3a6
Flask==3.0.0 --hash=sha256:21128f47e4e3b9d597a3e8521a329bf56909b690fcc3fa3e477725aa81367638
idna==3.11 --hash=sha256:771a87f49d9defaf64091e6e6fe9c18d4833f140bd19464795bc32d966ca37ea
iniconfig==2.3.0 --hash=sha256:f631c04d2c48c52b84d0d0549c99ff3859c98df65b3101406327ecc7d53fbf12
itsdangerous==2.2.0 --hash=sha256:c6242fc49e35958c8b15141343aa660db5fc54d4f13a1db01a3f5891b98700ef
Jinja2==3.1.6 --hash=sha256:85ece4451f492d0c13c5dd7c13a64681a86afae63a5f347908daf103ce6d2f67
MarkupSafe==3.0.3 --hash=sha256:bdc919ead48f234740ad807933cdf545180bfbe9342c2bb451556db2ed958581
packaging==26.0 --hash=sha256:b36f1fef9334a5588b4166f8bcd26a14e521f2b55e6b9de3aaa80d3ff7a37529
pefile==2024.8.26 --hash=sha256:76f8b485dcd3b1bb8166f1128d395fa3d87af26360c2358fb75b80019b957c6f
pluggy==1.6.0 --hash=sha256:e920276dd6813095e9377c0bc5566d94c932c33b27a3e3945d8389c374dd4746
pycparser==3.0 --hash=sha256:b727414169a36b7d524c1c3e31839a521725078d7b2ff038656844266160a992
pyinstaller==6.18.0 --hash=sha256:976fabd90ecfbda47571c87055ad73413ec615ff7dea35e12a4304174de78de9
pyinstaller-hooks-contrib==2026.0 --hash=sha256:0590db8edeba3e6c30c8474937021f5cd39c0602b4d10f74a064c73911efaca5
pyodbc==5.3.0 --hash=sha256:58635a1cc859d5af3f878c85910e5d7228fe5c406d4571bffcdd281375a54b39
pytest==7.4.3 --hash=sha256:0d009c083ea859a71b76adf7c1d502e4bc170b80a8ef002da5806527b9591fac
pytest-cov==4.1.0 --hash=sha256:6ba70b9e97e69fcc3fb45bfeab2d0a138fb65c4d0d6a41ef33983ad114be8c3a
pytest-mock==3.12.0 --hash=sha256:0972719a7263072da3a21c7f4773069bcc7486027d7e8e1f81d98a47e701bc4f
python-dateutil==2.8.2 --hash=sha256:961d03dc3453ebbc59dbdea9e4e11c5651520a876d0f4db161e8674aae935da9
python-json-logger==2.0.7 --hash=sha256:f380b826a991ebbe3de4d897aeec42760035ac760345e57b812938dc8b35e2bd
pywin32==311 --hash=sha256:3aca44c046bd2ed8c90de9cb8427f581c479e594e99b5c0bb19b29c10fd6cb87
pywin32-ctypes==0.2.3 --hash=sha256:8a1513379d709975552d202d942d9837758905c8d01eb82b8bcc30918929e7b8
requests==2.31.0 --hash=sha256:58cd2187c01e70e6e26505bca751777aa9f2ee0b7f4300988b709f44e013003f
schedule==1.2.1 --hash=sha256:14cdeb083a596aa1de6dc77639a1b2ac8bf6eaafa82b1c9279d3612823063d01
setuptools==80.10.2 --hash=sha256:95b30ddfb717250edb492926c92b5221f7ef3fbcc2b07579bcd4a27da21d0173
six==1.17.0 --hash=sha256:4721f391ed90541fddacab5acf947aa0d3dc7d27b2e1e8eda2be8970586c3274
sqlitedict==2.1.0 --hash=sha256:03d9cfb96d602996f1d4c2db2856f1224b96a9c431bdd16e78032a72940f9e8c
urllib3==2.6.3 --hash=sha256:bf272323e553dfb2e87d9bfd225ca7b0f467b919d7bbd355436d3fd37cb0acd4
Werkzeug==3.1.5 --hash=sha256:5111e36e91086ece91f93268bb39b4a35c1e6f1feac762c9c822ded0a4e322dc
